
Microsoft Visual Studio Solution File, Format Version 12.00
# Visual Studio 14
VisualStudioVersion = 14.0.25420.1
MinimumVisualStudioVersion = 10.0.40219.1
Project("{FAE04EC0-301F-11D3-BF4B-00C04F79EFBC}") = "TacStickyControls", "Source\TacStickyControls.csproj", "{AA6E3BEC-E399-4581-9FC1-B784CF8ECDC9}"
EndProject
Project("{2150E333-8FDC-42A3-9474-1A3956D46DE8}") = "SolutionItems", "SolutionItems", "{91AD2130-42DF-4F9F-94BB-28A785E9E676}"
	ProjectSection(SolutionItems) = preProject
		buildRelease.bat = buildRelease.bat
		Changelog.txt = Changelog.txt
		deploy.bat = deploy.bat
		LICENSE.txt = LICENSE.txt
		NOTICE.txt = NOTICE.txt
		Readme.md = Readme.md
		TacStickyControls.version = TacStickyControls.version
	EndProjectSection
EndProject
Global
	GlobalSection(SolutionConfigurationPlatforms) = preSolution
		Debug|Any CPU = Debug|Any CPU
		Release|Any CPU = Release|Any CPU
	EndGlobalSection
	GlobalSection(ProjectConfigurationPlatforms) = postSolution
		{AA6E3BEC-E399-4581-9FC1-B784CF8ECDC9}.Debug|Any CPU.ActiveCfg = Debug|Any CPU
		{AA6E3BEC-E399-4581-9FC1-B784CF8ECDC9}.Debug|Any CPU.Build.0 = Debug|Any CPU
		{AA6E3BEC-E399-4581-9FC1-B784CF8ECDC9}.Release|Any CPU.ActiveCfg = Release|Any CPU
		{AA6E3BEC-E399-4581-9FC1-B784CF8ECDC9}.Release|Any CPU.Build.0 = Release|Any CPU
	EndGlobalSection
	GlobalSection(SolutionProperties) = preSolution
		HideSolutionNode = FALSE
	EndGlobalSection
EndGlobal
